# This file is autogenerated, do not edit; changes may be undone by the next 'dep ensure'.


[[projects]]
  name = "github.com/SlyMarbo/rss"
  packages = ["."]
  revision = "68c09f6cb0320b178346a4437bf43021008cc9b6"
  version = "v1.0.1"

[[projects]]
  name = "github.com/aws/aws-lambda-go"
  packages = [
    "events",
    "lambda",
    "lambda/messages",
    "lambdacontext"
  ]
  revision = "4d30d0ff60440c2d0480a15747c96ee71c3c53d4"
  version = "v1.2.0"

[[projects]]
  branch = "master"
  name = "github.com/axgle/mahonia"
  packages = ["."]
  revision = "3358181d7394e26beccfae0ffde05193ef3be33a"

[solve-meta]
  analyzer-name = "dep"
  analyzer-version = 1
  inputs-digest = "a3406585d91ae80ef8623cf64c654d77b7dcf673f8ed9a647039f44f2200b050"
  solver-name = "gps-cdcl"
  solver-version = 1
